
Microsoft Visual Studio Solution File, Format Version 12.00
# Visual Studio 15
VisualStudioVersion = 15.0.27428.2043
MinimumVisualStudioVersion = 10.0.40219.1
Project("{FAE04EC0-301F-11D3-BF4B-00C04F79EFBC}") = "DetectiveCodeBySelf", "DetectiveCodeBySelf\DetectiveCodeBySelf.csproj", "{83B1455B-3298-49EE-9B60-F5115587DE34}"
EndProject
Global
	GlobalSection(SolutionConfigurationPlatforms) = preSolution
		Debug|Any CPU = Debug|Any CPU
		Release|Any CPU = Release|Any CPU
	EndGlobalSection
	GlobalSection(ProjectConfigurationPlatforms) = postSolution
		{83B1455B-3298-49EE-9B60-F5115587DE34}.Debug|Any CPU.ActiveCfg = Debug|Any CPU
		{83B1455B-3298-49EE-9B60-F5115587DE34}.Debug|Any CPU.Build.0 = Debug|Any CPU
		{83B1455B-3298-49EE-9B60-F5115587DE34}.Release|Any CPU.ActiveCfg = Release|Any CPU
		{83B1455B-3298-49EE-9B60-F5115587DE34}.Release|Any CPU.Build.0 = Release|Any CPU
	EndGlobalSection
	GlobalSection(SolutionProperties) = preSolution
		HideSolutionNode = FALSE
	EndGlobalSection
	GlobalSection(ExtensibilityGlobals) = postSolution
		SolutionGuid = {72C03900-C425-451A-9155-837493A89E4E}
	EndGlobalSection
EndGlobal
